
Microsoft Visual Studio Solution File, Format Version 12.00
# Visual Studio Version 17
VisualStudioVersion = 17.5.2.0
MinimumVisualStudioVersion = 10.0.40219.1
Project("{2150E333-8FDC-42A3-9474-1A3956D46DE8}") = "jira-mcp", "jira-mcp", "{3BB5108C-8D26-CB22-31AC-4BD26B21C74C}"
EndProject
Project("{2150E333-8FDC-42A3-9474-1A3956D46DE8}") = "src", "src", "{15A673FC-4232-BF33-DE60-8CC028FD3338}"
EndProject
Project("{FAE04EC0-301F-11D3-BF4B-00C04F79EFBC}") = "jira-mcp", "jira-mcp\src\jira-mcp.csproj", "{AA2BDB8D-E647-47A3-9779-770A294C2F4C}"
EndProject
Global
	GlobalSection(SolutionConfigurationPlatforms) = preSolution
		Debug|Any CPU = Debug|Any CPU
		Debug|x64 = Debug|x64
		Debug|x86 = Debug|x86
		Release|Any CPU = Release|Any CPU
		Release|x64 = Release|x64
		Release|x86 = Release|x86
	EndGlobalSection
	GlobalSection(ProjectConfigurationPlatforms) = postSolution
		{AA2BDB8D-E647-47A3-9779-770A294C2F4C}.Debug|Any CPU.ActiveCfg = Debug|Any CPU
		{AA2BDB8D-E647-47A3-9779-770A294C2F4C}.Debug|Any CPU.Build.0 = Debug|Any CPU
		{AA2BDB8D-E647-47A3-9779-770A294C2F4C}.Debug|x64.ActiveCfg = Debug|Any CPU
		{AA2BDB8D-E647-47A3-9779-770A294C2F4C}.Debug|x64.Build.0 = Debug|Any CPU
		{AA2BDB8D-E647-47A3-9779-770A294C2F4C}.Debug|x86.ActiveCfg = Debug|Any CPU
		{AA2BDB8D-E647-47A3-9779-770A294C2F4C}.Debug|x86.Build.0 = Debug|Any CPU
		{AA2BDB8D-E647-47A3-9779-770A294C2F4C}.Release|Any CPU.ActiveCfg = Release|Any CPU
		{AA2BDB8D-E647-47A3-9779-770A294C2F4C}.Release|Any CPU.Build.0 = Release|Any CPU
		{AA2BDB8D-E647-47A3-9779-770A294C2F4C}.Release|x64.ActiveCfg = Release|Any CPU
		{AA2BDB8D-E647-47A3-9779-770A294C2F4C}.Release|x64.Build.0 = Release|Any CPU
		{AA2BDB8D-E647-47A3-9779-770A294C2F4C}.Release|x86.ActiveCfg = Release|Any CPU
		{AA2BDB8D-E647-47A3-9779-770A294C2F4C}.Release|x86.Build.0 = Release|Any CPU
	EndGlobalSection
	GlobalSection(SolutionProperties) = preSolution
		HideSolutionNode = FALSE
	EndGlobalSection
	GlobalSection(NestedProjects) = preSolution
		{15A673FC-4232-BF33-DE60-8CC028FD3338} = {3BB5108C-8D26-CB22-31AC-4BD26B21C74C}
		{AA2BDB8D-E647-47A3-9779-770A294C2F4C} = {15A673FC-4232-BF33-DE60-8CC028FD3338}
	EndGlobalSection
	GlobalSection(ExtensibilityGlobals) = postSolution
		SolutionGuid = {867FD144-7BAB-43B9-9611-92DB3D99E2F6}
	EndGlobalSection
EndGlobal
